// !$*UTF8*$!
{
	archiveVersion = 1;
	classes = {
	};
	objectVersion = 48;
	objects = {

/* Begin PBXBuildFile section */
		5A0A41A22057337E000E1F51 /* main.swift in Sources */ = {isa = PBXBuildFile; fileRef = 5A0A41A12057337E000E1F51 /* main.swift */; };
		5A23B0F4205FE8640026D360 /* BinaryGap.swift in Sources */ = {isa = PBXBuildFile; fileRef = 5A23B0F3205FE8640026D360 /* BinaryGap.swift */; };
		5A23B0F5205FE8640026D360 /* BinaryGap.swift in Sources */ = {isa = PBXBuildFile; fileRef = 5A23B0F3205FE8640026D360 /* BinaryGap.swift */; };
		5A23B0F7205FE9DA0026D360 /* BinaryGapTest.swift in Sources */ = {isa = PBXBuildFile; fileRef = 5A23B0F6205FE9DA0026D360 /* BinaryGapTest.swift */; };
		5A2AC0192057412D00B15C44 /* SumOfMatrixTest.swift in Sources */ = {isa = PBXBuildFile; fileRef = 5A2AC0182057412D00B15C44 /* SumOfMatrixTest.swift */; };
		5AD37AA7205C1A2E0062F6B0 /* GCDLCMTest.swift in Sources */ = {isa = PBXBuildFile; fileRef = 5AD37AA6205C1A2E0062F6B0 /* GCDLCMTest.swift */; };
		5AD37AA9205C1ADB0062F6B0 /* SumOfDivisiorsTest.swift in Sources */ = {isa = PBXBuildFile; fileRef = 5AD37AA8205C1ADB0062F6B0 /* SumOfDivisiorsTest.swift */; };
		5AD37AAB205C1B830062F6B0 /* O(N)vsO(2N)Test.swift in Sources */ = {isa = PBXBuildFile; fileRef = 5AD37AAA205C1B830062F6B0 /* O(N)vsO(2N)Test.swift */; };
		5AD37AAD205C1BC80062F6B0 /* Extension+XCTest.swift in Sources */ = {isa = PBXBuildFile; fileRef = 5AD37AAC205C1BC80062F6B0 /* Extension+XCTest.swift */; };
		5AD37AAF205C27540062F6B0 /* SumOfDivisiors.swift in Sources */ = {isa = PBXBuildFile; fileRef = 5AD37AAE205C27540062F6B0 /* SumOfDivisiors.swift */; };
		5AD37AB1205C27790062F6B0 /* GCDLCM.swift in Sources */ = {isa = PBXBuildFile; fileRef = 5AD37AB0205C27790062F6B0 /* GCDLCM.swift */; };
		5AD37AB3205C27BF0062F6B0 /* SumOfMatrix.swift in Sources */ = {isa = PBXBuildFile; fileRef = 5AD37AB2205C27BF0062F6B0 /* SumOfMatrix.swift */; };
		5AD37AB4205C28A20062F6B0 /* SumOfDivisiors.swift in Sources */ = {isa = PBXBuildFile; fileRef = 5AD37AAE205C27540062F6B0 /* SumOfDivisiors.swift */; };
		5AD37AB5205C28B60062F6B0 /* GCDLCM.swift in Sources */ = {isa = PBXBuildFile; fileRef = 5AD37AB0205C27790062F6B0 /* GCDLCM.swift */; };
		5AD37AB6205C28B80062F6B0 /* SumOfMatrix.swift in Sources */ = {isa = PBXBuildFile; fileRef = 5AD37AB2205C27BF0062F6B0 /* SumOfMatrix.swift */; };
/* End PBXBuildFile section */

/* Begin PBXCopyFilesBuildPhase section */
		5A0A419C2057337E000E1F51 /* CopyFiles */ = {
			isa = PBXCopyFilesBuildPhase;
			buildActionMask = 2147483647;
			dstPath = /usr/share/man/man1/;
			dstSubfolderSpec = 0;
			files = (
			);
			runOnlyForDeploymentPostprocessing = 1;
		};
/* End PBXCopyFilesBuildPhase section */

/* Begin PBXFileReference section */
		5A0A419E2057337E000E1F51 /* JCAlgorithms */ = {isa = PBXFileReference; explicitFileType = "compiled.mach-o.executable"; includeInIndex = 0; path = JCAlgorithms; sourceTree = BUILT_PRODUCTS_DIR; };
		5A0A41A12057337E000E1F51 /* main.swift */ = {isa = PBXFileReference; lastKnownFileType = sourcecode.swift; path = main.swift; sourceTree = "<group>"; };
		5A23B0F3205FE8640026D360 /* BinaryGap.swift */ = {isa = PBXFileReference; lastKnownFileType = sourcecode.swift; path = BinaryGap.swift; sourceTree = "<group>"; };
		5A23B0F6205FE9DA0026D360 /* BinaryGapTest.swift */ = {isa = PBXFileReference; lastKnownFileType = sourcecode.swift; path = BinaryGapTest.swift; sourceTree = "<group>"; };
		5A2AC0162057412D00B15C44 /* JCAlgorithmsTest.xctest */ = {isa = PBXFileReference; explicitFileType = wrapper.cfbundle; includeInIndex = 0; path = JCAlgorithmsTest.xctest; sourceTree = BUILT_PRODUCTS_DIR; };
		5A2AC0182057412D00B15C44 /* SumOfMatrixTest.swift */ = {isa = PBXFileReference; lastKnownFileType = sourcecode.swift; path = SumOfMatrixTest.swift; sourceTree = "<group>"; };
		5A2AC01A2057412D00B15C44 /* Info.plist */ = {isa = PBXFileReference; lastKnownFileType = text.plist.xml; path = Info.plist; sourceTree = "<group>"; };
		5AD37AA6205C1A2E0062F6B0 /* GCDLCMTest.swift */ = {isa = PBXFileReference; lastKnownFileType = sourcecode.swift; path = GCDLCMTest.swift; sourceTree = "<group>"; };
		5AD37AA8205C1ADB0062F6B0 /* SumOfDivisiorsTest.swift */ = {isa = PBXFileReference; lastKnownFileType = sourcecode.swift; path = SumOfDivisiorsTest.swift; sourceTree = "<group>"; };
		5AD37AAA205C1B830062F6B0 /* O(N)vsO(2N)Test.swift */ = {isa = PBXFileReference; lastKnownFileType = sourcecode.swift; path = "O(N)vsO(2N)Test.swift"; sourceTree = "<group>"; };
		5AD37AAC205C1BC80062F6B0 /* Extension+XCTest.swift */ = {isa = PBXFileReference; lastKnownFileType = sourcecode.swift; path = "Extension+XCTest.swift"; sourceTree = "<group>"; };
		5AD37AAE205C27540062F6B0 /* SumOfDivisiors.swift */ = {isa = PBXFileReference; lastKnownFileType = sourcecode.swift; path = SumOfDivisiors.swift; sourceTree = "<group>"; };
		5AD37AB0205C27790062F6B0 /* GCDLCM.swift */ = {isa = PBXFileReference; lastKnownFileType = sourcecode.swift; path = GCDLCM.swift; sourceTree = "<group>"; };
		5AD37AB2205C27BF0062F6B0 /* SumOfMatrix.swift */ = {isa = PBXFileReference; lastKnownFileType = sourcecode.swift; path = SumOfMatrix.swift; sourceTree = "<group>"; };
/* End PBXFileReference section */

/* Begin PBXFrameworksBuildPhase section */
		5A0A419B2057337E000E1F51 /* Frameworks */ = {
			isa = PBXFrameworksBuildPhase;
			buildActionMask = 2147483647;
			files = (
			);
			runOnlyForDeploymentPostprocessing = 0;
		};
		5A2AC0132057412D00B15C44 /* Frameworks */ = {
			isa = PBXFrameworksBuildPhase;
			buildActionMask = 2147483647;
			files = (
			);
			runOnlyForDeploymentPostprocessing = 0;
		};
/* End PBXFrameworksBuildPhase section */

/* Begin PBXGroup section */
		5A0A41952057337E000E1F51 = {
			isa = PBXGroup;
			children = (
				5A0A41A02057337E000E1F51 /* JCAlgorithms */,
				5A2AC0172057412D00B15C44 /* JCAlgorithmsTest */,
				5A0A419F2057337E000E1F51 /* Products */,
			);
			sourceTree = "<group>";
		};
		5A0A419F2057337E000E1F51 /* Products */ = {
			isa = PBXGroup;
			children = (
				5A0A419E2057337E000E1F51 /* JCAlgorithms */,
				5A2AC0162057412D00B15C44 /* JCAlgorithmsTest.xctest */,
			);
			name = Products;
			sourceTree = "<group>";
		};
		5A0A41A02057337E000E1F51 /* JCAlgorithms */ = {
			isa = PBXGroup;
			children = (
				5A0A41A12057337E000E1F51 /* main.swift */,
				5AD37AB2205C27BF0062F6B0 /* SumOfMatrix.swift */,
				5AD37AB0205C27790062F6B0 /* GCDLCM.swift */,
				5AD37AAE205C27540062F6B0 /* SumOfDivisiors.swift */,
				5A23B0F3205FE8640026D360 /* BinaryGap.swift */,
			);
			path = JCAlgorithms;
			sourceTree = "<group>";
		};
		5A2AC0172057412D00B15C44 /* JCAlgorithmsTest */ = {
			isa = PBXGroup;
			children = (
				5AD37AAC205C1BC80062F6B0 /* Extension+XCTest.swift */,
				5AD37AA6205C1A2E0062F6B0 /* GCDLCMTest.swift */,
				5AD37AA8205C1ADB0062F6B0 /* SumOfDivisiorsTest.swift */,
				5A2AC0182057412D00B15C44 /* SumOfMatrixTest.swift */,
				5AD37AAA205C1B830062F6B0 /* O(N)vsO(2N)Test.swift */,
				5A23B0F6205FE9DA0026D360 /* BinaryGapTest.swift */,
				5A2AC01A2057412D00B15C44 /* Info.plist */,
			);
			path = JCAlgorithmsTest;
			sourceTree = "<group>";
		};
/* End PBXGroup section */

/* Begin PBXNativeTarget section */
		5A0A419D2057337E000E1F51 /* JCAlgorithms */ = {
			isa = PBXNativeTarget;
			buildConfigurationList = 5A0A41A52057337E000E1F51 /* Build configuration list for PBXNativeTarget "JCAlgorithms" */;
			buildPhases = (
				5A0A419A2057337E000E1F51 /* Sources */,
				5A0A419B2057337E000E1F51 /* Frameworks */,
				5A0A419C2057337E000E1F51 /* CopyFiles */,
			);
			buildRules = (
			);
			dependencies = (
			);
			name = JCAlgorithms;
			productName = JCAlgorithms;
			productReference = 5A0A419E2057337E000E1F51 /* JCAlgorithms */;
			productType = "com.apple.product-type.tool";
		};
		5A2AC0152057412D00B15C44 /* JCAlgorithmsTest */ = {
			isa = PBXNativeTarget;
			buildConfigurationList = 5A2AC01D2057412D00B15C44 /* Build configuration list for PBXNativeTarget "JCAlgorithmsTest" */;
			buildPhases = (
				5A2AC0122057412D00B15C44 /* Sources */,
				5A2AC0132057412D00B15C44 /* Frameworks */,
				5A2AC0142057412D00B15C44 /* Resources */,
			);
			buildRules = (
			);
			dependencies = (
			);
			name = JCAlgorithmsTest;
			productName = JCAlgorithmsTest;
			productReference = 5A2AC0162057412D00B15C44 /* JCAlgorithmsTest.xctest */;
			productType = "com.apple.product-type.bundle.unit-test";
		};
/* End PBXNativeTarget section */

/* Begin PBXProject section */
		5A0A41962057337E000E1F51 /* Project object */ = {
			isa = PBXProject;
			attributes = {
				LastSwiftUpdateCheck = 0920;
				LastUpgradeCheck = 0920;
				ORGANIZATIONNAME = "오민호";
				TargetAttributes = {
					5A0A419D2057337E000E1F51 = {
						CreatedOnToolsVersion = 9.2;
						ProvisioningStyle = Automatic;
					};
					5A2AC0152057412D00B15C44 = {
						CreatedOnToolsVersion = 9.2;
						ProvisioningStyle = Automatic;
					};
				};
			};
			buildConfigurationList = 5A0A41992057337E000E1F51 /* Build configuration list for PBXProject "JCAlgorithms" */;
			compatibilityVersion = "Xcode 8.0";
			developmentRegion = en;
			hasScannedForEncodings = 0;
			knownRegions = (
				en,
			);
			mainGroup = 5A0A41952057337E000E1F51;
			productRefGroup = 5A0A419F2057337E000E1F51 /* Products */;
			projectDirPath = "";
			projectRoot = "";
			targets = (
				5A0A419D2057337E000E1F51 /* JCAlgorithms */,
				5A2AC0152057412D00B15C44 /* JCAlgorithmsTest */,
			);
		};
/* End PBXProject section */

/* Begin PBXResourcesBuildPhase section */
		5A2AC0142057412D00B15C44 /* Resources */ = {
			isa = PBXResourcesBuildPhase;
			buildActionMask = 2147483647;
			files = (
			);
			runOnlyForDeploymentPostprocessing = 0;
		};
/* End PBXResourcesBuildPhase section */

/* Begin PBXSourcesBuildPhase section */
		5A0A419A2057337E000E1F51 /* Sources */ = {
			isa = PBXSourcesBuildPhase;
			buildActionMask = 2147483647;
			files = (
				5A0A41A22057337E000E1F51 /* main.swift in Sources */,
				5AD37AB1205C27790062F6B0 /* GCDLCM.swift in Sources */,
				5AD37AAF205C27540062F6B0 /* SumOfDivisiors.swift in Sources */,
				5A23B0F4205FE8640026D360 /* BinaryGap.swift in Sources */,
				5AD37AB3205C27BF0062F6B0 /* SumOfMatrix.swift in Sources */,
			);
			runOnlyForDeploymentPostprocessing = 0;
		};
		5A2AC0122057412D00B15C44 /* Sources */ = {
			isa = PBXSourcesBuildPhase;
			buildActionMask = 2147483647;
			files = (
				5AD37AAD205C1BC80062F6B0 /* Extension+XCTest.swift in Sources */,
				5A23B0F7205FE9DA0026D360 /* BinaryGapTest.swift in Sources */,
				5A23B0F5205FE8640026D360 /* BinaryGap.swift in Sources */,
				5AD37AA9205C1ADB0062F6B0 /* SumOfDivisiorsTest.swift in Sources */,
				5A2AC0192057412D00B15C44 /* SumOfMatrixTest.swift in Sources */,
				5AD37AB6205C28B80062F6B0 /* SumOfMatrix.swift in Sources */,
				5AD37AB4205C28A20062F6B0 /* SumOfDivisiors.swift in Sources */,
				5AD37AAB205C1B830062F6B0 /* O(N)vsO(2N)Test.swift in Sources */,
				5AD37AB5205C28B60062F6B0 /* GCDLCM.swift in Sources */,
				5AD37AA7205C1A2E0062F6B0 /* GCDLCMTest.swift in Sources */,
			);
			runOnlyForDeploymentPostprocessing = 0;
		};
/* End PBXSourcesBuildPhase section */

/* Begin XCBuildConfiguration section */
		5A0A41A32057337E000E1F51 /* Debug */ = {
			isa = XCBuildConfiguration;
			buildSettings = {
				ALWAYS_SEARCH_USER_PATHS = NO;
				CLANG_ANALYZER_NONNULL = YES;
				CLANG_ANALYZER_NUMBER_OBJECT_CONVERSION = YES_AGGRESSIVE;
				CLANG_CXX_LANGUAGE_STANDARD = "gnu++14";
				CLANG_CXX_LIBRARY = "libc++";
				CLANG_ENABLE_MODULES = YES;
				CLANG_ENABLE_OBJC_ARC = YES;
				CLANG_WARN_BLOCK_CAPTURE_AUTORELEASING = YES;
				CLANG_WARN_BOOL_CONVERSION = YES;
				CLANG_WARN_COMMA = YES;
				CLANG_WARN_CONSTANT_CONVERSION = YES;
				CLANG_WARN_DIRECT_OBJC_ISA_USAGE = YES_ERROR;
				CLANG_WARN_DOCUMENTATION_COMMENTS = YES;
				CLANG_WARN_EMPTY_BODY = YES;
				CLANG_WARN_ENUM_CONVERSION = YES;
				CLANG_WARN_INFINITE_RECURSION = YES;
				CLANG_WARN_INT_CONVERSION = YES;
				CLANG_WARN_NON_LITERAL_NULL_CONVERSION = YES;
				CLANG_WARN_OBJC_LITERAL_CONVERSION = YES;
				CLANG_WARN_OBJC_ROOT_CLASS = YES_ERROR;
				CLANG_WARN_RANGE_LOOP_ANALYSIS = YES;
				CLANG_WARN_STRICT_PROTOTYPES = YES;
				CLANG_WARN_SUSPICIOUS_MOVE = YES;
				CLANG_WARN_UNGUARDED_AVAILABILITY = YES_AGGRESSIVE;
				CLANG_WARN_UNREACHABLE_CODE = YES;
				CLANG_WARN__DUPLICATE_METHOD_MATCH = YES;
				CODE_SIGN_IDENTITY = "Mac Developer";
				COPY_PHASE_STRIP = NO;
				DEBUG_INFORMATION_FORMAT = dwarf;
				ENABLE_STRICT_OBJC_MSGSEND = YES;
				ENABLE_TESTABILITY = YES;
				GCC_C_LANGUAGE_STANDARD = gnu11;
				GCC_DYNAMIC_NO_PIC = NO;
				GCC_NO_COMMON_BLOCKS = YES;
				GCC_OPTIMIZATION_LEVEL = 0;
				GCC_PREPROCESSOR_DEFINITIONS = (
					"DEBUG=1",
					"$(inherited)",
				);
				GCC_WARN_64_TO_32_BIT_CONVERSION = YES;
				GCC_WARN_ABOUT_RETURN_TYPE = YES_ERROR;
				GCC_WARN_UNDECLARED_SELECTOR = YES;
				GCC_WARN_UNINITIALIZED_AUTOS = YES_AGGRESSIVE;
				GCC_WARN_UNUSED_FUNCTION = YES;
				GCC_WARN_UNUSED_VARIABLE = YES;
				MACOSX_DEPLOYMENT_TARGET = 10.13;
				MTL_ENABLE_DEBUG_INFO = YES;
				ONLY_ACTIVE_ARCH = YES;
				SDKROOT = macosx;
				SWIFT_ACTIVE_COMPILATION_CONDITIONS = DEBUG;
				SWIFT_OPTIMIZATION_LEVEL = "-Onone";
			};
			name = Debug;
		};
		5A0A41A42057337E000E1F51 /* Release */ = {
			isa = XCBuildConfiguration;
			buildSettings = {
				ALWAYS_SEARCH_USER_PATHS = NO;
				CLANG_ANALYZER_NONNULL = YES;
				CLANG_ANALYZER_NUMBER_OBJECT_CONVERSION = YES_AGGRESSIVE;
				CLANG_CXX_LANGUAGE_STANDARD = "gnu++14";
				CLANG_CXX_LIBRARY = "libc++";
				CLANG_ENABLE_MODULES = YES;
				CLANG_ENABLE_OBJC_ARC = YES;
				CLANG_WARN_BLOCK_CAPTURE_AUTORELEASING = YES;
				CLANG_WARN_BOOL_CONVERSION = YES;
				CLANG_WARN_COMMA = YES;
				CLANG_WARN_CONSTANT_CONVERSION = YES;
				CLANG_WARN_DIRECT_OBJC_ISA_USAGE = YES_ERROR;
				CLANG_WARN_DOCUMENTATION_COMMENTS = YES;
				CLANG_WARN_EMPTY_BODY = YES;
				CLANG_WARN_ENUM_CONVERSION = YES;
				CLANG_WARN_INFINITE_RECURSION = YES;
				CLANG_WARN_INT_CONVERSION = YES;
				CLANG_WARN_NON_LITERAL_NULL_CONVERSION = YES;
				CLANG_WARN_OBJC_LITERAL_CONVERSION = YES;
				CLANG_WARN_OBJC_ROOT_CLASS = YES_ERROR;
				CLANG_WARN_RANGE_LOOP_ANALYSIS = YES;
				CLANG_WARN_STRICT_PROTOTYPES = YES;
				CLANG_WARN_SUSPICIOUS_MOVE = YES;
				CLANG_WARN_UNGUARDED_AVAILABILITY = YES_AGGRESSIVE;
				CLANG_WARN_UNREACHABLE_CODE = YES;
				CLANG_WARN__DUPLICATE_METHOD_MATCH = YES;
				CODE_SIGN_IDENTITY = "Mac Developer";
				COPY_PHASE_STRIP = NO;
				DEBUG_INFORMATION_FORMAT = "dwarf-with-dsym";
				ENABLE_NS_ASSERTIONS = NO;
				ENABLE_STRICT_OBJC_MSGSEND = YES;
				GCC_C_LANGUAGE_STANDARD = gnu11;
				GCC_NO_COMMON_BLOCKS = YES;
				GCC_WARN_64_TO_32_BIT_CONVERSION = YES;
				GCC_WARN_ABOUT_RETURN_TYPE = YES_ERROR;
				GCC_WARN_UNDECLARED_SELECTOR = YES;
				GCC_WARN_UNINITIALIZED_AUTOS = YES_AGGRESSIVE;
				GCC_WARN_UNUSED_FUNCTION = YES;
				GCC_WARN_UNUSED_VARIABLE = YES;
				MACOSX_DEPLOYMENT_TARGET = 10.13;
				MTL_ENABLE_DEBUG_INFO = NO;
				SDKROOT = macosx;
				SWIFT_OPTIMIZATION_LEVEL = "-Owholemodule";
			};
			name = Release;
		};
		5A0A41A62057337E000E1F51 /* Debug */ = {
			isa = XCBuildConfiguration;
			buildSettings = {
				CODE_SIGN_STYLE = Automatic;
				DEVELOPMENT_TEAM = 8Y7YWW7H68;
				PRODUCT_NAME = "$(TARGET_NAME)";
				SWIFT_VERSION = 4.0;
			};
			name = Debug;
		};
		5A0A41A72057337E000E1F51 /* Release */ = {
			isa = XCBuildConfiguration;
			buildSettings = {
				CODE_SIGN_STYLE = Automatic;
				DEVELOPMENT_TEAM = 8Y7YWW7H68;
				PRODUCT_NAME = "$(TARGET_NAME)";
				SWIFT_VERSION = 4.0;
			};
			name = Release;
		};
		5A2AC01B2057412D00B15C44 /* Debug */ = {
			isa = XCBuildConfiguration;
			buildSettings = {
				CODE_SIGN_STYLE = Automatic;
				COMBINE_HIDPI_IMAGES = YES;
				DEVELOPMENT_TEAM = 8Y7YWW7H68;
				INFOPLIST_FILE = JCAlgorithmsTest/Info.plist;
				LD_RUNPATH_SEARCH_PATHS = "$(inherited) @executable_path/../Frameworks @loader_path/../Frameworks";
				PRODUCT_BUNDLE_IDENTIFIER = com.minomi.JCAlgorithmsTest;
				PRODUCT_NAME = "$(TARGET_NAME)";
				SWIFT_VERSION = 4.0;
			};
			name = Debug;
		};
		5A2AC01C2057412D00B15C44 /* Release */ = {
			isa = XCBuildConfiguration;
			buildSettings = {
				CODE_SIGN_STYLE = Automatic;
				COMBINE_HIDPI_IMAGES = YES;
				DEVELOPMENT_TEAM = 8Y7YWW7H68;
				INFOPLIST_FILE = JCAlgorithmsTest/Info.plist;
				LD_RUNPATH_SEARCH_PATHS = "$(inherited) @executable_path/../Frameworks @loader_path/../Frameworks";
				PRODUCT_BUNDLE_IDENTIFIER = com.minomi.JCAlgorithmsTest;
				PRODUCT_NAME = "$(TARGET_NAME)";
				SWIFT_VERSION = 4.0;
			};
			name = Release;
		};
/* End XCBuildConfiguration section */

/* Begin XCConfigurationList section */
		5A0A41992057337E000E1F51 /* Build configuration list for PBXProject "JCAlgorithms" */ = {
			isa = XCConfigurationList;
			buildConfigurations = (
				5A0A41A32057337E000E1F51 /* Debug */,
				5A0A41A42057337E000E1F51 /* Release */,
			);
			defaultConfigurationIsVisible = 0;
			defaultConfigurationName = Release;
		};
		5A0A41A52057337E000E1F51 /* Build configuration list for PBXNativeTarget "JCAlgorithms" */ = {
			isa = XCConfigurationList;
			buildConfigurations = (
				5A0A41A62057337E000E1F51 /* Debug */,
				5A0A41A72057337E000E1F51 /* Release */,
			);
			defaultConfigurationIsVisible = 0;
			defaultConfigurationName = Release;
		};
		5A2AC01D2057412D00B15C44 /* Build configuration list for PBXNativeTarget "JCAlgorithmsTest" */ = {
			isa = XCConfigurationList;
			buildConfigurations = (
				5A2AC01B2057412D00B15C44 /* Debug */,
				5A2AC01C2057412D00B15C44 /* Release */,
			);
			defaultConfigurationIsVisible = 0;
			defaultConfigurationName = Release;
		};
/* End XCConfigurationList section */
	};
	rootObject = 5A0A41962057337E000E1F51 /* Project object */;
}
